
Microsoft Visual Studio Solution File, Format Version 12.00
# Visual Studio Version 16
VisualStudioVersion = 16.0.34031.81
MinimumVisualStudioVersion = 10.0.40219.1
Project("{888888A0-9F3D-457C-B088-3A5042F75D52}") = "Suma Recursiva e Iterativa Python", "Suma Recursiva e Iterativa Python\Suma Recursiva e Iterativa Python.pyproj", "{E6A99E04-97D6-40D1-8B33-D658F97C574D}"
EndProject
Global
	GlobalSection(SolutionConfigurationPlatforms) = preSolution
		Debug|Any CPU = Debug|Any CPU
		Release|Any CPU = Release|Any CPU
	EndGlobalSection
	GlobalSection(ProjectConfigurationPlatforms) = postSolution
		{E6A99E04-97D6-40D1-8B33-D658F97C574D}.Debug|Any CPU.ActiveCfg = Debug|Any CPU
		{E6A99E04-97D6-40D1-8B33-D658F97C574D}.Release|Any CPU.ActiveCfg = Release|Any CPU
	EndGlobalSection
	GlobalSection(SolutionProperties) = preSolution
		HideSolutionNode = FALSE
	EndGlobalSection
	GlobalSection(ExtensibilityGlobals) = postSolution
		SolutionGuid = {78180870-C8AE-43B1-B179-7A80214F6271}
	EndGlobalSection
EndGlobal
